// !$*UTF8*$!
{
	archiveVersion = 1;
	classes = {
	};
	objectVersion = 56;
	objects = {

/* Begin PBXBuildFile section */
		984AAF752B95696A00B994C9 /* Tab.swift in Sources */ = {isa = PBXBuildFile; fileRef = 984AAF742B95696A00B994C9 /* Tab.swift */; };
		984AAF772B9569CD00B994C9 /* TabScreenBar.swift in Sources */ = {isa = PBXBuildFile; fileRef = 984AAF762B9569CD00B994C9 /* TabScreenBar.swift */; };
		984AAF792B956A4000B994C9 /* TabPosition.swift in Sources */ = {isa = PBXBuildFile; fileRef = 984AAF782B956A4000B994C9 /* TabPosition.swift */; };
		984AAF7B2B956A6800B994C9 /* TabShape.swift in Sources */ = {isa = PBXBuildFile; fileRef = 984AAF7A2B956A6800B994C9 /* TabShape.swift */; };
		984AAF7D2B956AD800B994C9 /* HeartMonitorScreenView.swift in Sources */ = {isa = PBXBuildFile; fileRef = 984AAF7C2B956AD800B994C9 /* HeartMonitorScreenView.swift */; };
		984AAF7F2B958FAE00B994C9 /* UpdateBMIScreenView.swift in Sources */ = {isa = PBXBuildFile; fileRef = 984AAF7E2B958FAE00B994C9 /* UpdateBMIScreenView.swift */; };
		984AAF812B95903900B994C9 /* SetGoalScreenView.swift in Sources */ = {isa = PBXBuildFile; fileRef = 984AAF802B95903900B994C9 /* SetGoalScreenView.swift */; };
		984AAF832B95907B00B994C9 /* MealPlanScreenView.swift in Sources */ = {isa = PBXBuildFile; fileRef = 984AAF822B95907B00B994C9 /* MealPlanScreenView.swift */; };
		984AAF852B9592F900B994C9 /* SharedData.swift in Sources */ = {isa = PBXBuildFile; fileRef = 984AAF842B9592F900B994C9 /* SharedData.swift */; };
		9870462E2B6B1650004B74DA /* Capstone_ProjectApp.swift in Sources */ = {isa = PBXBuildFile; fileRef = 9870462D2B6B1650004B74DA /* Capstone_ProjectApp.swift */; };
		987046302B6B1650004B74DA /* ContentView.swift in Sources */ = {isa = PBXBuildFile; fileRef = 9870462F2B6B1650004B74DA /* ContentView.swift */; };
		987046322B6B1651004B74DA /* Assets.xcassets in Resources */ = {isa = PBXBuildFile; fileRef = 987046312B6B1651004B74DA /* Assets.xcassets */; };
		987046352B6B1651004B74DA /* Preview Assets.xcassets in Resources */ = {isa = PBXBuildFile; fileRef = 987046342B6B1651004B74DA /* Preview Assets.xcassets */; };
		9870463C2B6B1746004B74DA /* CircleView.swift in Sources */ = {isa = PBXBuildFile; fileRef = 9870463B2B6B1746004B74DA /* CircleView.swift */; };
		9870463E2B6B298D004B74DA /* Color.swift in Sources */ = {isa = PBXBuildFile; fileRef = 9870463D2B6B298D004B74DA /* Color.swift */; };
		987046402B6B3AB7004B74DA /* BMIScreenView.swift in Sources */ = {isa = PBXBuildFile; fileRef = 9870463F2B6B3AB7004B74DA /* BMIScreenView.swift */; };
		987046422B6B596E004B74DA /* SquareView.swift in Sources */ = {isa = PBXBuildFile; fileRef = 987046412B6B596E004B74DA /* SquareView.swift */; };
		987046442B6B8A65004B74DA /* HomeScreenView.swift in Sources */ = {isa = PBXBuildFile; fileRef = 987046432B6B8A65004B74DA /* HomeScreenView.swift */; };
		9884C3732B6E091E001A395A /* BMIData.swift in Sources */ = {isa = PBXBuildFile; fileRef = 9884C3722B6E091E001A395A /* BMIData.swift */; };
		9885494A2BA10B4D00C18DEA /* HeartConditionTipsView.swift in Sources */ = {isa = PBXBuildFile; fileRef = 988549492BA10B4D00C18DEA /* HeartConditionTipsView.swift */; };
		98ACB21F2B6CBD3000522836 /* ProfileScreenView.swift in Sources */ = {isa = PBXBuildFile; fileRef = 98ACB21E2B6CBD3000522836 /* ProfileScreenView.swift */; };
		98F404C82B6F654F006D2C6B /* BMIInfoScreenView.swift in Sources */ = {isa = PBXBuildFile; fileRef = 98F404C72B6F654F006D2C6B /* BMIInfoScreenView.swift */; };
		B0C2F2482B99269800215C6F /* HeartConditionScreenView.swift in Sources */ = {isa = PBXBuildFile; fileRef = B0C2F2472B99269800215C6F /* HeartConditionScreenView.swift */; };
/* End PBXBuildFile section */

/* Begin PBXFileReference section */
		984AAF742B95696A00B994C9 /* Tab.swift */ = {isa = PBXFileReference; lastKnownFileType = sourcecode.swift; path = Tab.swift; sourceTree = "<group>"; };
		984AAF762B9569CD00B994C9 /* TabScreenBar.swift */ = {isa = PBXFileReference; lastKnownFileType = sourcecode.swift; path = TabScreenBar.swift; sourceTree = "<group>"; };
		984AAF782B956A4000B994C9 /* TabPosition.swift */ = {isa = PBXFileReference; lastKnownFileType = sourcecode.swift; path = TabPosition.swift; sourceTree = "<group>"; };
		984AAF7A2B956A6800B994C9 /* TabShape.swift */ = {isa = PBXFileReference; lastKnownFileType = sourcecode.swift; path = TabShape.swift; sourceTree = "<group>"; };
		984AAF7C2B956AD800B994C9 /* HeartMonitorScreenView.swift */ = {isa = PBXFileReference; lastKnownFileType = sourcecode.swift; path = HeartMonitorScreenView.swift; sourceTree = "<group>"; };
		984AAF7E2B958FAE00B994C9 /* UpdateBMIScreenView.swift */ = {isa = PBXFileReference; lastKnownFileType = sourcecode.swift; path = UpdateBMIScreenView.swift; sourceTree = "<group>"; };
		984AAF802B95903900B994C9 /* SetGoalScreenView.swift */ = {isa = PBXFileReference; lastKnownFileType = sourcecode.swift; path = SetGoalScreenView.swift; sourceTree = "<group>"; };
		984AAF822B95907B00B994C9 /* MealPlanScreenView.swift */ = {isa = PBXFileReference; lastKnownFileType = sourcecode.swift; path = MealPlanScreenView.swift; sourceTree = "<group>"; };
		984AAF842B9592F900B994C9 /* SharedData.swift */ = {isa = PBXFileReference; lastKnownFileType = sourcecode.swift; path = SharedData.swift; sourceTree = "<group>"; };
		9870462A2B6B1650004B74DA /* Capstone_Project.app */ = {isa = PBXFileReference; explicitFileType = wrapper.application; includeInIndex = 0; path = Capstone_Project.app; sourceTree = BUILT_PRODUCTS_DIR; };
		9870462D2B6B1650004B74DA /* Capstone_ProjectApp.swift */ = {isa = PBXFileReference; lastKnownFileType = sourcecode.swift; path = Capstone_ProjectApp.swift; sourceTree = "<group>"; };
		9870462F2B6B1650004B74DA /* ContentView.swift */ = {isa = PBXFileReference; lastKnownFileType = sourcecode.swift; path = ContentView.swift; sourceTree = "<group>"; };
		987046312B6B1651004B74DA /* Assets.xcassets */ = {isa = PBXFileReference; lastKnownFileType = folder.assetcatalog; path = Assets.xcassets; sourceTree = "<group>"; };
		987046342B6B1651004B74DA /* Preview Assets.xcassets */ = {isa = PBXFileReference; lastKnownFileType = folder.assetcatalog; path = "Preview Assets.xcassets"; sourceTree = "<group>"; };
		9870463B2B6B1746004B74DA /* CircleView.swift */ = {isa = PBXFileReference; lastKnownFileType = sourcecode.swift; path = CircleView.swift; sourceTree = "<group>"; };
		9870463D2B6B298D004B74DA /* Color.swift */ = {isa = PBXFileReference; lastKnownFileType = sourcecode.swift; path = Color.swift; sourceTree = "<group>"; };
		9870463F2B6B3AB7004B74DA /* BMIScreenView.swift */ = {isa = PBXFileReference; lastKnownFileType = sourcecode.swift; path = BMIScreenView.swift; sourceTree = "<group>"; };
		987046412B6B596E004B74DA /* SquareView.swift */ = {isa = PBXFileReference; lastKnownFileType = sourcecode.swift; path = SquareView.swift; sourceTree = "<group>"; };
		987046432B6B8A65004B74DA /* HomeScreenView.swift */ = {isa = PBXFileReference; lastKnownFileType = sourcecode.swift; path = HomeScreenView.swift; sourceTree = "<group>"; };
		9884C3722B6E091E001A395A /* BMIData.swift */ = {isa = PBXFileReference; lastKnownFileType = sourcecode.swift; path = BMIData.swift; sourceTree = "<group>"; };
		988549492BA10B4D00C18DEA /* HeartConditionTipsView.swift */ = {isa = PBXFileReference; lastKnownFileType = sourcecode.swift; path = HeartConditionTipsView.swift; sourceTree = "<group>"; };
		98ACB21E2B6CBD3000522836 /* ProfileScreenView.swift */ = {isa = PBXFileReference; lastKnownFileType = sourcecode.swift; path = ProfileScreenView.swift; sourceTree = "<group>"; };
		98F404C72B6F654F006D2C6B /* BMIInfoScreenView.swift */ = {isa = PBXFileReference; lastKnownFileType = sourcecode.swift; path = BMIInfoScreenView.swift; sourceTree = "<group>"; };
		B0C2F2472B99269800215C6F /* HeartConditionScreenView.swift */ = {isa = PBXFileReference; lastKnownFileType = sourcecode.swift; path = HeartConditionScreenView.swift; sourceTree = "<group>"; };
/* End PBXFileReference section */

/* Begin PBXFrameworksBuildPhase section */
		987046272B6B1650004B74DA /* Frameworks */ = {
			isa = PBXFrameworksBuildPhase;
			buildActionMask = 2147483647;
			files = (
			);
			runOnlyForDeploymentPostprocessing = 0;
		};
/* End PBXFrameworksBuildPhase section */

/* Begin PBXGroup section */
		987046212B6B1650004B74DA = {
			isa = PBXGroup;
			children = (
				9870462C2B6B1650004B74DA /* Capstone_Project */,
				9870462B2B6B1650004B74DA /* Products */,
			);
			sourceTree = "<group>";
		};
		9870462B2B6B1650004B74DA /* Products */ = {
			isa = PBXGroup;
			children = (
				9870462A2B6B1650004B74DA /* Capstone_Project.app */,
			);
			name = Products;
			sourceTree = "<group>";
		};
		9870462C2B6B1650004B74DA /* Capstone_Project */ = {
			isa = PBXGroup;
			children = (
				9870462D2B6B1650004B74DA /* Capstone_ProjectApp.swift */,
				9870462F2B6B1650004B74DA /* ContentView.swift */,
				9870463F2B6B3AB7004B74DA /* BMIScreenView.swift */,
				987046432B6B8A65004B74DA /* HomeScreenView.swift */,
				98F404C72B6F654F006D2C6B /* BMIInfoScreenView.swift */,
				9884C3722B6E091E001A395A /* BMIData.swift */,
				98ACB21E2B6CBD3000522836 /* ProfileScreenView.swift */,
				9870463D2B6B298D004B74DA /* Color.swift */,
				9870463B2B6B1746004B74DA /* CircleView.swift */,
				987046412B6B596E004B74DA /* SquareView.swift */,
				987046312B6B1651004B74DA /* Assets.xcassets */,
				987046332B6B1651004B74DA /* Preview Content */,
				984AAF742B95696A00B994C9 /* Tab.swift */,
				984AAF762B9569CD00B994C9 /* TabScreenBar.swift */,
				984AAF782B956A4000B994C9 /* TabPosition.swift */,
				984AAF7A2B956A6800B994C9 /* TabShape.swift */,
				984AAF7C2B956AD800B994C9 /* HeartMonitorScreenView.swift */,
				984AAF7E2B958FAE00B994C9 /* UpdateBMIScreenView.swift */,
				984AAF802B95903900B994C9 /* SetGoalScreenView.swift */,
				984AAF822B95907B00B994C9 /* MealPlanScreenView.swift */,
				984AAF842B9592F900B994C9 /* SharedData.swift */,
				B0C2F2472B99269800215C6F /* HeartConditionScreenView.swift */,
				988549492BA10B4D00C18DEA /* HeartConditionTipsView.swift */,
			);
			path = Capstone_Project;
			sourceTree = "<group>";
		};
		987046332B6B1651004B74DA /* Preview Content */ = {
			isa = PBXGroup;
			children = (
				987046342B6B1651004B74DA /* Preview Assets.xcassets */,
			);
			path = "Preview Content";
			sourceTree = "<group>";
		};
/* End PBXGroup section */

/* Begin PBXNativeTarget section */
		987046292B6B1650004B74DA /* Capstone_Project */ = {
			isa = PBXNativeTarget;
			buildConfigurationList = 987046382B6B1651004B74DA /* Build configuration list for PBXNativeTarget "Capstone_Project" */;
			buildPhases = (
				987046262B6B1650004B74DA /* Sources */,
				987046272B6B1650004B74DA /* Frameworks */,
				987046282B6B1650004B74DA /* Resources */,
			);
			buildRules = (
			);
			dependencies = (
			);
			name = Capstone_Project;
			productName = Capstone_Project;
			productReference = 9870462A2B6B1650004B74DA /* Capstone_Project.app */;
			productType = "com.apple.product-type.application";
		};
/* End PBXNativeTarget section */

/* Begin PBXProject section */
		987046222B6B1650004B74DA /* Project object */ = {
			isa = PBXProject;
			attributes = {
				BuildIndependentTargetsInParallel = 1;
				LastSwiftUpdateCheck = 1520;
				LastUpgradeCheck = 1520;
				TargetAttributes = {
					987046292B6B1650004B74DA = {
						CreatedOnToolsVersion = 15.2;
					};
				};
			};
			buildConfigurationList = 987046252B6B1650004B74DA /* Build configuration list for PBXProject "Capstone_Project" */;
			compatibilityVersion = "Xcode 14.0";
			developmentRegion = en;
			hasScannedForEncodings = 0;
			knownRegions = (
				en,
				Base,
			);
			mainGroup = 987046212B6B1650004B74DA;
			productRefGroup = 9870462B2B6B1650004B74DA /* Products */;
			projectDirPath = "";
			projectRoot = "";
			targets = (
				987046292B6B1650004B74DA /* Capstone_Project */,
			);
		};
/* End PBXProject section */

/* Begin PBXResourcesBuildPhase section */
		987046282B6B1650004B74DA /* Resources */ = {
			isa = PBXResourcesBuildPhase;
			buildActionMask = 2147483647;
			files = (
				987046352B6B1651004B74DA /* Preview Assets.xcassets in Resources */,
				987046322B6B1651004B74DA /* Assets.xcassets in Resources */,
			);
			runOnlyForDeploymentPostprocessing = 0;
		};
/* End PBXResourcesBuildPhase section */

/* Begin PBXSourcesBuildPhase section */
		987046262B6B1650004B74DA /* Sources */ = {
			isa = PBXSourcesBuildPhase;
			buildActionMask = 2147483647;
			files = (
				9885494A2BA10B4D00C18DEA /* HeartConditionTipsView.swift in Sources */,
				9884C3732B6E091E001A395A /* BMIData.swift in Sources */,
				984AAF7D2B956AD800B994C9 /* HeartMonitorScreenView.swift in Sources */,
				984AAF772B9569CD00B994C9 /* TabScreenBar.swift in Sources */,
				9870463C2B6B1746004B74DA /* CircleView.swift in Sources */,
				987046402B6B3AB7004B74DA /* BMIScreenView.swift in Sources */,
				98F404C82B6F654F006D2C6B /* BMIInfoScreenView.swift in Sources */,
				9870463E2B6B298D004B74DA /* Color.swift in Sources */,
				B0C2F2482B99269800215C6F /* HeartConditionScreenView.swift in Sources */,
				984AAF792B956A4000B994C9 /* TabPosition.swift in Sources */,
				984AAF752B95696A00B994C9 /* Tab.swift in Sources */,
				987046422B6B596E004B74DA /* SquareView.swift in Sources */,
				984AAF7F2B958FAE00B994C9 /* UpdateBMIScreenView.swift in Sources */,
				987046302B6B1650004B74DA /* ContentView.swift in Sources */,
				987046442B6B8A65004B74DA /* HomeScreenView.swift in Sources */,
				984AAF812B95903900B994C9 /* SetGoalScreenView.swift in Sources */,
				984AAF832B95907B00B994C9 /* MealPlanScreenView.swift in Sources */,
				98ACB21F2B6CBD3000522836 /* ProfileScreenView.swift in Sources */,
				984AAF852B9592F900B994C9 /* SharedData.swift in Sources */,
				9870462E2B6B1650004B74DA /* Capstone_ProjectApp.swift in Sources */,
				984AAF7B2B956A6800B994C9 /* TabShape.swift in Sources */,
			);
			runOnlyForDeploymentPostprocessing = 0;
		};
/* End PBXSourcesBuildPhase section */

/* Begin XCBuildConfiguration section */
		987046362B6B1651004B74DA /* Debug */ = {
			isa = XCBuildConfiguration;
			buildSettings = {
				ALWAYS_SEARCH_USER_PATHS = NO;
				ASSETCATALOG_COMPILER_GENERATE_SWIFT_ASSET_SYMBOL_EXTENSIONS = YES;
				CLANG_ANALYZER_NONNULL = YES;
				CLANG_ANALYZER_NUMBER_OBJECT_CONVERSION = YES_AGGRESSIVE;
				CLANG_CXX_LANGUAGE_STANDARD = "gnu++20";
				CLANG_ENABLE_MODULES = YES;
				CLANG_ENABLE_OBJC_ARC = YES;
				CLANG_ENABLE_OBJC_WEAK = YES;
				CLANG_WARN_BLOCK_CAPTURE_AUTORELEASING = YES;
				CLANG_WARN_BOOL_CONVERSION = YES;
				CLANG_WARN_COMMA = YES;
				CLANG_WARN_CONSTANT_CONVERSION = YES;
				CLANG_WARN_DEPRECATED_OBJC_IMPLEMENTATIONS = YES;
				CLANG_WARN_DIRECT_OBJC_ISA_USAGE = YES_ERROR;
				CLANG_WARN_DOCUMENTATION_COMMENTS = YES;
				CLANG_WARN_EMPTY_BODY = YES;
				CLANG_WARN_ENUM_CONVERSION = YES;
				CLANG_WARN_INFINITE_RECURSION = YES;
				CLANG_WARN_INT_CONVERSION = YES;
				CLANG_WARN_NON_LITERAL_NULL_CONVERSION = YES;
				CLANG_WARN_OBJC_IMPLICIT_RETAIN_SELF = YES;
				CLANG_WARN_OBJC_LITERAL_CONVERSION = YES;
				CLANG_WARN_OBJC_ROOT_CLASS = YES_ERROR;
				CLANG_WARN_QUOTED_INCLUDE_IN_FRAMEWORK_HEADER = YES;
				CLANG_WARN_RANGE_LOOP_ANALYSIS = YES;
				CLANG_WARN_STRICT_PROTOTYPES = YES;
				CLANG_WARN_SUSPICIOUS_MOVE = YES;
				CLANG_WARN_UNGUARDED_AVAILABILITY = YES_AGGRESSIVE;
				CLANG_WARN_UNREACHABLE_CODE = YES;
				CLANG_WARN__DUPLICATE_METHOD_MATCH = YES;
				COPY_PHASE_STRIP = NO;
				DEBUG_INFORMATION_FORMAT = dwarf;
				ENABLE_STRICT_OBJC_MSGSEND = YES;
				ENABLE_TESTABILITY = YES;
				ENABLE_USER_SCRIPT_SANDBOXING = YES;
				GCC_C_LANGUAGE_STANDARD = gnu17;
				GCC_DYNAMIC_NO_PIC = NO;
				GCC_NO_COMMON_BLOCKS = YES;
				GCC_OPTIMIZATION_LEVEL = 0;
				GCC_PREPROCESSOR_DEFINITIONS = (
					"DEBUG=1",
					"$(inherited)",
				);
				GCC_WARN_64_TO_32_BIT_CONVERSION = YES;
				GCC_WARN_ABOUT_RETURN_TYPE = YES_ERROR;
				GCC_WARN_UNDECLARED_SELECTOR = YES;
				GCC_WARN_UNINITIALIZED_AUTOS = YES_AGGRESSIVE;
				GCC_WARN_UNUSED_FUNCTION = YES;
				GCC_WARN_UNUSED_VARIABLE = YES;
				IPHONEOS_DEPLOYMENT_TARGET = 17.2;
				LOCALIZATION_PREFERS_STRING_CATALOGS = YES;
				MTL_ENABLE_DEBUG_INFO = INCLUDE_SOURCE;
				MTL_FAST_MATH = YES;
				ONLY_ACTIVE_ARCH = YES;
				SDKROOT = iphoneos;
				SWIFT_ACTIVE_COMPILATION_CONDITIONS = "DEBUG $(inherited)";
				SWIFT_OPTIMIZATION_LEVEL = "-Onone";
			};
			name = Debug;
		};
		987046372B6B1651004B74DA /* Release */ = {
			isa = XCBuildConfiguration;
			buildSettings = {
				ALWAYS_SEARCH_USER_PATHS = NO;
				ASSETCATALOG_COMPILER_GENERATE_SWIFT_ASSET_SYMBOL_EXTENSIONS = YES;
				CLANG_ANALYZER_NONNULL = YES;
				CLANG_ANALYZER_NUMBER_OBJECT_CONVERSION = YES_AGGRESSIVE;
				CLANG_CXX_LANGUAGE_STANDARD = "gnu++20";
				CLANG_ENABLE_MODULES = YES;
				CLANG_ENABLE_OBJC_ARC = YES;
				CLANG_ENABLE_OBJC_WEAK = YES;
				CLANG_WARN_BLOCK_CAPTURE_AUTORELEASING = YES;
				CLANG_WARN_BOOL_CONVERSION = YES;
				CLANG_WARN_COMMA = YES;
				CLANG_WARN_CONSTANT_CONVERSION = YES;
				CLANG_WARN_DEPRECATED_OBJC_IMPLEMENTATIONS = YES;
				CLANG_WARN_DIRECT_OBJC_ISA_USAGE = YES_ERROR;
				CLANG_WARN_DOCUMENTATION_COMMENTS = YES;
				CLANG_WARN_EMPTY_BODY = YES;
				CLANG_WARN_ENUM_CONVERSION = YES;
				CLANG_WARN_INFINITE_RECURSION = YES;
				CLANG_WARN_INT_CONVERSION = YES;
				CLANG_WARN_NON_LITERAL_NULL_CONVERSION = YES;
				CLANG_WARN_OBJC_IMPLICIT_RETAIN_SELF = YES;
				CLANG_WARN_OBJC_LITERAL_CONVERSION = YES;
				CLANG_WARN_OBJC_ROOT_CLASS = YES_ERROR;
				CLANG_WARN_QUOTED_INCLUDE_IN_FRAMEWORK_HEADER = YES;
				CLANG_WARN_RANGE_LOOP_ANALYSIS = YES;
				CLANG_WARN_STRICT_PROTOTYPES = YES;
				CLANG_WARN_SUSPICIOUS_MOVE = YES;
				CLANG_WARN_UNGUARDED_AVAILABILITY = YES_AGGRESSIVE;
				CLANG_WARN_UNREACHABLE_CODE = YES;
				CLANG_WARN__DUPLICATE_METHOD_MATCH = YES;
				COPY_PHASE_STRIP = NO;
				DEBUG_INFORMATION_FORMAT = "dwarf-with-dsym";
				ENABLE_NS_ASSERTIONS = NO;
				ENABLE_STRICT_OBJC_MSGSEND = YES;
				ENABLE_USER_SCRIPT_SANDBOXING = YES;
				GCC_C_LANGUAGE_STANDARD = gnu17;
				GCC_NO_COMMON_BLOCKS = YES;
				GCC_WARN_64_TO_32_BIT_CONVERSION = YES;
				GCC_WARN_ABOUT_RETURN_TYPE = YES_ERROR;
				GCC_WARN_UNDECLARED_SELECTOR = YES;
				GCC_WARN_UNINITIALIZED_AUTOS = YES_AGGRESSIVE;
				GCC_WARN_UNUSED_FUNCTION = YES;
				GCC_WARN_UNUSED_VARIABLE = YES;
				IPHONEOS_DEPLOYMENT_TARGET = 17.2;
				LOCALIZATION_PREFERS_STRING_CATALOGS = YES;
				MTL_ENABLE_DEBUG_INFO = NO;
				MTL_FAST_MATH = YES;
				SDKROOT = iphoneos;
				SWIFT_COMPILATION_MODE = wholemodule;
				VALIDATE_PRODUCT = YES;
			};
			name = Release;
		};
		987046392B6B1651004B74DA /* Debug */ = {
			isa = XCBuildConfiguration;
			buildSettings = {
				ASSETCATALOG_COMPILER_APPICON_NAME = AppIcon;
				ASSETCATALOG_COMPILER_GLOBAL_ACCENT_COLOR_NAME = AccentColor;
				CODE_SIGN_STYLE = Automatic;
				CURRENT_PROJECT_VERSION = 1;
				DEVELOPMENT_ASSET_PATHS = "\"Capstone_Project/Preview Content\"";
				ENABLE_PREVIEWS = YES;
				GENERATE_INFOPLIST_FILE = YES;
				INFOPLIST_KEY_UIApplicationSceneManifest_Generation = YES;
				INFOPLIST_KEY_UIApplicationSupportsIndirectInputEvents = YES;
				INFOPLIST_KEY_UILaunchScreen_Generation = YES;
				INFOPLIST_KEY_UISupportedInterfaceOrientations_iPad = "UIInterfaceOrientationPortrait UIInterfaceOrientationPortraitUpsideDown UIInterfaceOrientationLandscapeLeft UIInterfaceOrientationLandscapeRight";
				INFOPLIST_KEY_UISupportedInterfaceOrientations_iPhone = "UIInterfaceOrientationPortrait UIInterfaceOrientationLandscapeLeft UIInterfaceOrientationLandscapeRight";
				LD_RUNPATH_SEARCH_PATHS = (
					"$(inherited)",
					"@executable_path/Frameworks",
				);
				MARKETING_VERSION = 1.0;
				PRODUCT_BUNDLE_IDENTIFIER = "com.jeet.Capstone-Project";
				PRODUCT_NAME = "$(TARGET_NAME)";
				SWIFT_EMIT_LOC_STRINGS = YES;
				SWIFT_VERSION = 5.0;
				TARGETED_DEVICE_FAMILY = "1,2";
			};
			name = Debug;
		};
		9870463A2B6B1651004B74DA /* Release */ = {
			isa = XCBuildConfiguration;
			buildSettings = {
				ASSETCATALOG_COMPILER_APPICON_NAME = AppIcon;
				ASSETCATALOG_COMPILER_GLOBAL_ACCENT_COLOR_NAME = AccentColor;
				CODE_SIGN_STYLE = Automatic;
				CURRENT_PROJECT_VERSION = 1;
				DEVELOPMENT_ASSET_PATHS = "\"Capstone_Project/Preview Content\"";
				ENABLE_PREVIEWS = YES;
				GENERATE_INFOPLIST_FILE = YES;
				INFOPLIST_KEY_UIApplicationSceneManifest_Generation = YES;
				INFOPLIST_KEY_UIApplicationSupportsIndirectInputEvents = YES;
				INFOPLIST_KEY_UILaunchScreen_Generation = YES;
				INFOPLIST_KEY_UISupportedInterfaceOrientations_iPad = "UIInterfaceOrientationPortrait UIInterfaceOrientationPortraitUpsideDown UIInterfaceOrientationLandscapeLeft UIInterfaceOrientationLandscapeRight";
				INFOPLIST_KEY_UISupportedInterfaceOrientations_iPhone = "UIInterfaceOrientationPortrait UIInterfaceOrientationLandscapeLeft UIInterfaceOrientationLandscapeRight";
				LD_RUNPATH_SEARCH_PATHS = (
					"$(inherited)",
					"@executable_path/Frameworks",
				);
				MARKETING_VERSION = 1.0;
				PRODUCT_BUNDLE_IDENTIFIER = "com.jeet.Capstone-Project";
				PRODUCT_NAME = "$(TARGET_NAME)";
				SWIFT_EMIT_LOC_STRINGS = YES;
				SWIFT_VERSION = 5.0;
				TARGETED_DEVICE_FAMILY = "1,2";
			};
			name = Release;
		};
/* End XCBuildConfiguration section */

/* Begin XCConfigurationList section */
		987046252B6B1650004B74DA /* Build configuration list for PBXProject "Capstone_Project" */ = {
			isa = XCConfigurationList;
			buildConfigurations = (
				987046362B6B1651004B74DA /* Debug */,
				987046372B6B1651004B74DA /* Release */,
			);
			defaultConfigurationIsVisible = 0;
			defaultConfigurationName = Release;
		};
		987046382B6B1651004B74DA /* Build configuration list for PBXNativeTarget "Capstone_Project" */ = {
			isa = XCConfigurationList;
			buildConfigurations = (
				987046392B6B1651004B74DA /* Debug */,
				9870463A2B6B1651004B74DA /* Release */,
			);
			defaultConfigurationIsVisible = 0;
			defaultConfigurationName = Release;
		};
/* End XCConfigurationList section */
	};
	rootObject = 987046222B6B1650004B74DA /* Project object */;
}
